
Microsoft Visual Studio Solution File, Format Version 12.00
# Visual Studio Version 16
VisualStudioVersion = 16.0.31613.86
MinimumVisualStudioVersion = 10.0.40219.1
Project("{9A19103F-16F7-4668-BE54-9A1E7A4F7556}") = "Domain", "Domain\Domain.csproj", "{CA938021-DCC9-4A7F-BB86-E004BE72967B}"
EndProject
Project("{9A19103F-16F7-4668-BE54-9A1E7A4F7556}") = "Infrastructure", "Infrastructure\Infrastructure.csproj", "{9EFA2FBC-D295-4451-883A-0C3DA6D5EE6A}"
EndProject
Project("{9A19103F-16F7-4668-BE54-9A1E7A4F7556}") = "Application", "Application\Application.csproj", "{69A3D8AB-49BC-4E51-87E8-F1F7D2D915E7}"
EndProject
Project("{9A19103F-16F7-4668-BE54-9A1E7A4F7556}") = "API", "API\API.csproj", "{73F2A812-B650-407E-BE8B-4867834BA785}"
EndProject
Project("{FAE04EC0-301F-11D3-BF4B-00C04F79EFBC}") = "Core", "Core\Core.csproj", "{2B9228AE-D958-4EAB-BE40-07DC0E65215E}"
EndProject
Global
	GlobalSection(SolutionConfigurationPlatforms) = preSolution
		Debug|Any CPU = Debug|Any CPU
		Release|Any CPU = Release|Any CPU
	EndGlobalSection
	GlobalSection(ProjectConfigurationPlatforms) = postSolution
		{CA938021-DCC9-4A7F-BB86-E004BE72967B}.Debug|Any CPU.ActiveCfg = Debug|Any CPU
		{CA938021-DCC9-4A7F-BB86-E004BE72967B}.Debug|Any CPU.Build.0 = Debug|Any CPU
		{CA938021-DCC9-4A7F-BB86-E004BE72967B}.Release|Any CPU.ActiveCfg = Release|Any CPU
		{CA938021-DCC9-4A7F-BB86-E004BE72967B}.Release|Any CPU.Build.0 = Release|Any CPU
		{9EFA2FBC-D295-4451-883A-0C3DA6D5EE6A}.Debug|Any CPU.ActiveCfg = Debug|Any CPU
		{9EFA2FBC-D295-4451-883A-0C3DA6D5EE6A}.Debug|Any CPU.Build.0 = Debug|Any CPU
		{9EFA2FBC-D295-4451-883A-0C3DA6D5EE6A}.Release|Any CPU.ActiveCfg = Release|Any CPU
		{9EFA2FBC-D295-4451-883A-0C3DA6D5EE6A}.Release|Any CPU.Build.0 = Release|Any CPU
		{69A3D8AB-49BC-4E51-87E8-F1F7D2D915E7}.Debug|Any CPU.ActiveCfg = Debug|Any CPU
		{69A3D8AB-49BC-4E51-87E8-F1F7D2D915E7}.Debug|Any CPU.Build.0 = Debug|Any CPU
		{69A3D8AB-49BC-4E51-87E8-F1F7D2D915E7}.Release|Any CPU.ActiveCfg = Release|Any CPU
		{69A3D8AB-49BC-4E51-87E8-F1F7D2D915E7}.Release|Any CPU.Build.0 = Release|Any CPU
		{73F2A812-B650-407E-BE8B-4867834BA785}.Debug|Any CPU.ActiveCfg = Debug|Any CPU
		{73F2A812-B650-407E-BE8B-4867834BA785}.Debug|Any CPU.Build.0 = Debug|Any CPU
		{73F2A812-B650-407E-BE8B-4867834BA785}.Release|Any CPU.ActiveCfg = Release|Any CPU
		{73F2A812-B650-407E-BE8B-4867834BA785}.Release|Any CPU.Build.0 = Release|Any CPU
		{2B9228AE-D958-4EAB-BE40-07DC0E65215E}.Debug|Any CPU.ActiveCfg = Debug|Any CPU
		{2B9228AE-D958-4EAB-BE40-07DC0E65215E}.Debug|Any CPU.Build.0 = Debug|Any CPU
		{2B9228AE-D958-4EAB-BE40-07DC0E65215E}.Release|Any CPU.ActiveCfg = Release|Any CPU
		{2B9228AE-D958-4EAB-BE40-07DC0E65215E}.Release|Any CPU.Build.0 = Release|Any CPU
	EndGlobalSection
	GlobalSection(SolutionProperties) = preSolution
		HideSolutionNode = FALSE
	EndGlobalSection
	GlobalSection(ExtensibilityGlobals) = postSolution
		SolutionGuid = {6BB05DCC-F3DD-41AE-AC01-0E2CEB223A03}
	EndGlobalSection
EndGlobal
